
Microsoft Visual Studio Solution File, Format Version 12.00
# Visual Studio Version 17
VisualStudioVersion = 17.1.32228.430
MinimumVisualStudioVersion = 10.0.40219.1
Project("{9A19103F-16F7-4668-BE54-9A1E7A4F7556}") = "ECommerce", "ECommerce\ECommerce.csproj", "{71ADD891-BB58-4411-AD8D-6DD2314D4942}"
EndProject
Project("{FAE04EC0-301F-11D3-BF4B-00C04F79EFBC}") = "Core", "Core\Core.csproj", "{690CC9D8-0D2A-40CE-B01D-0327F869CA43}"
EndProject
Project("{FAE04EC0-301F-11D3-BF4B-00C04F79EFBC}") = "Infrastructure", "Infrastructure\Infrastructure.csproj", "{EC8FBAE8-34C1-4506-BE2E-DC4461E3C263}"
EndProject
Global
	GlobalSection(SolutionConfigurationPlatforms) = preSolution
		Debug|Any CPU = Debug|Any CPU
		Release|Any CPU = Release|Any CPU
	EndGlobalSection
	GlobalSection(ProjectConfigurationPlatforms) = postSolution
		{71ADD891-BB58-4411-AD8D-6DD2314D4942}.Debug|Any CPU.ActiveCfg = Debug|Any CPU
		{71ADD891-BB58-4411-AD8D-6DD2314D4942}.Debug|Any CPU.Build.0 = Debug|Any CPU
		{71ADD891-BB58-4411-AD8D-6DD2314D4942}.Release|Any CPU.ActiveCfg = Release|Any CPU
		{71ADD891-BB58-4411-AD8D-6DD2314D4942}.Release|Any CPU.Build.0 = Release|Any CPU
		{690CC9D8-0D2A-40CE-B01D-0327F869CA43}.Debug|Any CPU.ActiveCfg = Debug|Any CPU
		{690CC9D8-0D2A-40CE-B01D-0327F869CA43}.Debug|Any CPU.Build.0 = Debug|Any CPU
		{690CC9D8-0D2A-40CE-B01D-0327F869CA43}.Release|Any CPU.ActiveCfg = Release|Any CPU
		{690CC9D8-0D2A-40CE-B01D-0327F869CA43}.Release|Any CPU.Build.0 = Release|Any CPU
		{EC8FBAE8-34C1-4506-BE2E-DC4461E3C263}.Debug|Any CPU.ActiveCfg = Debug|Any CPU
		{EC8FBAE8-34C1-4506-BE2E-DC4461E3C263}.Debug|Any CPU.Build.0 = Debug|Any CPU
		{EC8FBAE8-34C1-4506-BE2E-DC4461E3C263}.Release|Any CPU.ActiveCfg = Release|Any CPU
		{EC8FBAE8-34C1-4506-BE2E-DC4461E3C263}.Release|Any CPU.Build.0 = Release|Any CPU
	EndGlobalSection
	GlobalSection(SolutionProperties) = preSolution
		HideSolutionNode = FALSE
	EndGlobalSection
	GlobalSection(ExtensibilityGlobals) = postSolution
		SolutionGuid = {9D4E7A7B-E4D3-4BA2-ADD7-C59A2F6F19C9}
	EndGlobalSection
EndGlobal
